
Microsoft Visual Studio Solution File, Format Version 12.00
# Visual Studio 14
VisualStudioVersion = 14.0.23107.0
MinimumVisualStudioVersion = 10.0.40219.1
Project("{FAE04EC0-301F-11D3-BF4B-00C04F79EFBC}") = "TSST.Agile.Web", "TSST.Agile.Web\TSST.Agile.Web.csproj", "{DA62466E-F12C-46F7-9B98-44A4A0963A25}"
EndProject
Project("{FAE04EC0-301F-11D3-BF4B-00C04F79EFBC}") = "TSST.Agile.Database.Models", "TSST.Agile.Database.Models\TSST.Agile.Database.Models.csproj", "{332725E8-395A-4271-AC87-35AC1338C83B}"
EndProject
Project("{FAE04EC0-301F-11D3-BF4B-00C04F79EFBC}") = "TSST.Agile.Database.Configuration", "TSST.Agile.Database.Configuration\TSST.Agile.Database.Configuration.csproj", "{028BE346-769C-456B-9A42-18A6ECA1D98E}"
EndProject
Global
	GlobalSection(SolutionConfigurationPlatforms) = preSolution
		Debug|Any CPU = Debug|Any CPU
		Release|Any CPU = Release|Any CPU
	EndGlobalSection
	GlobalSection(ProjectConfigurationPlatforms) = postSolution
		{DA62466E-F12C-46F7-9B98-44A4A0963A25}.Debug|Any CPU.ActiveCfg = Debug|Any CPU
		{DA62466E-F12C-46F7-9B98-44A4A0963A25}.Debug|Any CPU.Build.0 = Debug|Any CPU
		{DA62466E-F12C-46F7-9B98-44A4A0963A25}.Release|Any CPU.ActiveCfg = Release|Any CPU
		{DA62466E-F12C-46F7-9B98-44A4A0963A25}.Release|Any CPU.Build.0 = Release|Any CPU
		{332725E8-395A-4271-AC87-35AC1338C83B}.Debug|Any CPU.ActiveCfg = Debug|Any CPU
		{332725E8-395A-4271-AC87-35AC1338C83B}.Debug|Any CPU.Build.0 = Debug|Any CPU
		{332725E8-395A-4271-AC87-35AC1338C83B}.Release|Any CPU.ActiveCfg = Release|Any CPU
		{332725E8-395A-4271-AC87-35AC1338C83B}.Release|Any CPU.Build.0 = Release|Any CPU
		{028BE346-769C-456B-9A42-18A6ECA1D98E}.Debug|Any CPU.ActiveCfg = Debug|Any CPU
		{028BE346-769C-456B-9A42-18A6ECA1D98E}.Debug|Any CPU.Build.0 = Debug|Any CPU
		{028BE346-769C-456B-9A42-18A6ECA1D98E}.Release|Any CPU.ActiveCfg = Release|Any CPU
		{028BE346-769C-456B-9A42-18A6ECA1D98E}.Release|Any CPU.Build.0 = Release|Any CPU
	EndGlobalSection
	GlobalSection(SolutionProperties) = preSolution
		HideSolutionNode = FALSE
	EndGlobalSection
EndGlobal
